{
  "name": "Group-F-Sem-3-Hotel-Management-System",
  "lockfileVersion": 2,
  "requires": true,
  "packages": {
    "": {
      "dependencies": {
        "datatables.net": "^1.13.1",
        "datatables.net-dt": "^1.13.1"
      }
    },
    "node_modules/datatables.net": {
      "version": "1.13.1",
      "resolved": "https://registry.npmjs.org/datatables.net/-/datatables.net-1.13.1.tgz",
      "integrity": "sha512-cX5dDHsbVdLLYKsWOSE0MvuGUcV88zU5dZ/taK2puJV6F9Fw0CFsP3+U/kr+qpDSFOBLWISRyM4Q9wWWovPTNg==",
      "dependencies": {
        "jquery": ">=1.7"
      }
    },
    "node_modules/datatables.net-dt": {
      "version": "1.13.1",
      "resolved": "https://registry.npmjs.org/datatables.net-dt/-/datatables.net-dt-1.13.1.tgz",
      "integrity": "sha512-J5ul/Y+Hpyfh8y02DKwgbmUij4e4R6bstnx4iYvY7FV2b2XuCP0Qow/Uuc0gtxDHSz2bTsoeRHqg4teoGftVDg==",
      "dependencies": {
        "datatables.net": ">=1.12.1",
        "jquery": ">=1.7"
      }
    },
    "node_modules/jquery": {
      "version": "3.6.3",
      "resolved": "https://registry.npmjs.org/jquery/-/jquery-3.6.3.tgz",
      "integrity": "sha512-bZ5Sy3YzKo9Fyc8wH2iIQK4JImJ6R0GWI9kL1/k7Z91ZBNgkRXE6U0JfHIizZbort8ZunhSI3jw9I6253ahKfg=="
    }
  },
  "dependencies": {
    "datatables.net": {
      "version": "1.13.1",
      "resolved": "https://registry.npmjs.org/datatables.net/-/datatables.net-1.13.1.tgz",
      "integrity": "sha512-cX5dDHsbVdLLYKsWOSE0MvuGUcV88zU5dZ/taK2puJV6F9Fw0CFsP3+U/kr+qpDSFOBLWISRyM4Q9wWWovPTNg==",
      "requires": {
        "jquery": ">=1.7"
      }
    },
    "datatables.net-dt": {
      "version": "1.13.1",
      "resolved": "https://registry.npmjs.org/datatables.net-dt/-/datatables.net-dt-1.13.1.tgz",
      "integrity": "sha512-J5ul/Y+Hpyfh8y02DKwgbmUij4e4R6bstnx4iYvY7FV2b2XuCP0Qow/Uuc0gtxDHSz2bTsoeRHqg4teoGftVDg==",
      "requires": {
        "datatables.net": ">=1.12.1",
        "jquery": ">=1.7"
      }
    },
    "jquery": {
      "version": "3.6.3",
      "resolved": "https://registry.npmjs.org/jquery/-/jquery-3.6.3.tgz",
      "integrity": "sha512-bZ5Sy3YzKo9Fyc8wH2iIQK4JImJ6R0GWI9kL1/k7Z91ZBNgkRXE6U0JfHIizZbort8ZunhSI3jw9I6253ahKfg=="
    }
  }
}
